
Microsoft Visual Studio Solution File, Format Version 12.00
# Visual Studio Version 17
VisualStudioVersion = 17.8.34511.84
MinimumVisualStudioVersion = 10.0.40219.1
Project("{FAE04EC0-301F-11D3-BF4B-00C04F79EFBC}") = "QuanLy", "QuanLy.csproj", "{8172FFFB-1F51-4079-81A7-20E81163634A}"
EndProject
Global
	GlobalSection(SolutionConfigurationPlatforms) = preSolution
		Debug|Any CPU = Debug|Any CPU
		Release|Any CPU = Release|Any CPU
	EndGlobalSection
	GlobalSection(ProjectConfigurationPlatforms) = postSolution
		{8172FFFB-1F51-4079-81A7-20E81163634A}.Debug|Any CPU.ActiveCfg = Debug|Any CPU
		{8172FFFB-1F51-4079-81A7-20E81163634A}.Debug|Any CPU.Build.0 = Debug|Any CPU
		{8172FFFB-1F51-4079-81A7-20E81163634A}.Release|Any CPU.ActiveCfg = Release|Any CPU
		{8172FFFB-1F51-4079-81A7-20E81163634A}.Release|Any CPU.Build.0 = Release|Any CPU
	EndGlobalSection
	GlobalSection(SolutionProperties) = preSolution
		HideSolutionNode = FALSE
	EndGlobalSection
	GlobalSection(ExtensibilityGlobals) = postSolution
		SolutionGuid = {535FA85B-E5D8-43EA-8066-95426A35F2EC}
	EndGlobalSection
EndGlobal
